
Microsoft Visual Studio Solution File, Format Version 12.00
# Visual Studio Version 16
VisualStudioVersion = 16.0.29905.134
MinimumVisualStudioVersion = 10.0.40219.1
Project("{9A19103F-16F7-4668-BE54-9A1E7A4F7556}") = "Encapsulization", "Encapsulization\Encapsulization.csproj", "{10EFD5AC-1BF1-438F-8C48-18F473715C26}"
EndProject
Project("{9A19103F-16F7-4668-BE54-9A1E7A4F7556}") = "EncapsulizationCorrect", "EncapsulizationCorrect\EncapsulizationCorrect.csproj", "{034B0E89-B7B6-4668-B935-5C82206386F0}"
EndProject
Project("{9A19103F-16F7-4668-BE54-9A1E7A4F7556}") = "PrimitiveObsession", "PrimitiveObsession\PrimitiveObsession.csproj", "{054C1694-E9BC-40E8-8F02-F87DDF0CBEC9}"
EndProject
Project("{9A19103F-16F7-4668-BE54-9A1E7A4F7556}") = "PrimitiveObsessionCorrect", "PrimitiveObsessionCorrect\PrimitiveObsessionCorrect.csproj", "{C366D193-28F3-4A1D-A167-C430397DC061}"
EndProject
Project("{9A19103F-16F7-4668-BE54-9A1E7A4F7556}") = "CodeClarity", "CodeClarity\CodeClarity.csproj", "{1233E064-DBE2-4F65-9EAE-343C23D45EC5}"
EndProject
Project("{9A19103F-16F7-4668-BE54-9A1E7A4F7556}") = "CodeClarityCorrect", "CodeClarityCorrect\CodeClarityCorrect.csproj", "{85EEC159-F2D3-4F41-8D8F-9C46A6EF0AC4}"
EndProject
Project("{9A19103F-16F7-4668-BE54-9A1E7A4F7556}") = "AsyncAwait", "AsyncAwait\AsyncAwait.csproj", "{74FA8023-89B7-4251-A59F-630AD80B125E}"
EndProject
Project("{FAE04EC0-301F-11D3-BF4B-00C04F79EFBC}") = "UIResponsivness", "UIResponsivness\UIResponsivness.csproj", "{B5E70B8B-E2AD-4C75-8A17-625E232ACE07}"
EndProject
Project("{9A19103F-16F7-4668-BE54-9A1E7A4F7556}") = "ParalellProcessing", "ParalellProcessing\ParalellProcessing.csproj", "{ABF81512-E2D3-49D9-98D4-BFF68F38058F}"
EndProject
Project("{9A19103F-16F7-4668-BE54-9A1E7A4F7556}") = "AsyncAwait2", "AsyncAwait2\AsyncAwait2.csproj", "{5D1AD1ED-5EB9-430A-9744-C4D9B13A983D}"
EndProject
Project("{9A19103F-16F7-4668-BE54-9A1E7A4F7556}") = "AsyncAwait3", "AsyncAwait3\AsyncAwait3.csproj", "{7A34B3DA-8FAB-4BD0-9FED-DE317DA040F8}"
EndProject
Project("{9A19103F-16F7-4668-BE54-9A1E7A4F7556}") = "AsyncAwait4", "AsyncAwait4\AsyncAwait4.csproj", "{60E61271-DF64-4409-9A85-096D4515DF9E}"
EndProject
Project("{FAE04EC0-301F-11D3-BF4B-00C04F79EFBC}") = "AsyncAwait5", "AsyncAwait5\AsyncAwait5.csproj", "{FD691333-3F3D-428A-98C1-6150D8CB3B9D}"
EndProject
Project("{9A19103F-16F7-4668-BE54-9A1E7A4F7556}") = "AsyncAwait6", "AsyncAwait6\AsyncAwait6.csproj", "{52798FB9-CC60-4C08-92DC-CC7ED12FC36E}"
EndProject
Project("{FAE04EC0-301F-11D3-BF4B-00C04F79EFBC}") = "AsyncAwait7", "AsyncAwait7\AsyncAwait7.csproj", "{2E018530-3336-42EA-BCE9-3F3B7F4B0193}"
EndProject
Project("{9A19103F-16F7-4668-BE54-9A1E7A4F7556}") = "AsyncAwait8", "AsyncAwait8\AsyncAwait8.csproj", "{35C45870-E2DD-4FEA-AD04-34E21D03FA06}"
EndProject
Project("{FAE04EC0-301F-11D3-BF4B-00C04F79EFBC}") = "CommonApi", "CommonApi\CommonApi.csproj", "{5EF1B2D0-2547-499E-8C2D-B9A70DC1F274}"
EndProject
Global
	GlobalSection(SolutionConfigurationPlatforms) = preSolution
		Debug|Any CPU = Debug|Any CPU
		Release|Any CPU = Release|Any CPU
	EndGlobalSection
	GlobalSection(ProjectConfigurationPlatforms) = postSolution
		{10EFD5AC-1BF1-438F-8C48-18F473715C26}.Debug|Any CPU.ActiveCfg = Debug|Any CPU
		{10EFD5AC-1BF1-438F-8C48-18F473715C26}.Debug|Any CPU.Build.0 = Debug|Any CPU
		{10EFD5AC-1BF1-438F-8C48-18F473715C26}.Release|Any CPU.ActiveCfg = Release|Any CPU
		{10EFD5AC-1BF1-438F-8C48-18F473715C26}.Release|Any CPU.Build.0 = Release|Any CPU
		{034B0E89-B7B6-4668-B935-5C82206386F0}.Debug|Any CPU.ActiveCfg = Debug|Any CPU
		{034B0E89-B7B6-4668-B935-5C82206386F0}.Debug|Any CPU.Build.0 = Debug|Any CPU
		{034B0E89-B7B6-4668-B935-5C82206386F0}.Release|Any CPU.ActiveCfg = Release|Any CPU
		{034B0E89-B7B6-4668-B935-5C82206386F0}.Release|Any CPU.Build.0 = Release|Any CPU
		{054C1694-E9BC-40E8-8F02-F87DDF0CBEC9}.Debug|Any CPU.ActiveCfg = Debug|Any CPU
		{054C1694-E9BC-40E8-8F02-F87DDF0CBEC9}.Debug|Any CPU.Build.0 = Debug|Any CPU
		{054C1694-E9BC-40E8-8F02-F87DDF0CBEC9}.Release|Any CPU.ActiveCfg = Release|Any CPU
		{054C1694-E9BC-40E8-8F02-F87DDF0CBEC9}.Release|Any CPU.Build.0 = Release|Any CPU
		{C366D193-28F3-4A1D-A167-C430397DC061}.Debug|Any CPU.ActiveCfg = Debug|Any CPU
		{C366D193-28F3-4A1D-A167-C430397DC061}.Debug|Any CPU.Build.0 = Debug|Any CPU
		{C366D193-28F3-4A1D-A167-C430397DC061}.Release|Any CPU.ActiveCfg = Release|Any CPU
		{C366D193-28F3-4A1D-A167-C430397DC061}.Release|Any CPU.Build.0 = Release|Any CPU
		{1233E064-DBE2-4F65-9EAE-343C23D45EC5}.Debug|Any CPU.ActiveCfg = Debug|Any CPU
		{1233E064-DBE2-4F65-9EAE-343C23D45EC5}.Debug|Any CPU.Build.0 = Debug|Any CPU
		{1233E064-DBE2-4F65-9EAE-343C23D45EC5}.Release|Any CPU.ActiveCfg = Release|Any CPU
		{1233E064-DBE2-4F65-9EAE-343C23D45EC5}.Release|Any CPU.Build.0 = Release|Any CPU
		{85EEC159-F2D3-4F41-8D8F-9C46A6EF0AC4}.Debug|Any CPU.ActiveCfg = Debug|Any CPU
		{85EEC159-F2D3-4F41-8D8F-9C46A6EF0AC4}.Debug|Any CPU.Build.0 = Debug|Any CPU
		{85EEC159-F2D3-4F41-8D8F-9C46A6EF0AC4}.Release|Any CPU.ActiveCfg = Release|Any CPU
		{85EEC159-F2D3-4F41-8D8F-9C46A6EF0AC4}.Release|Any CPU.Build.0 = Release|Any CPU
		{74FA8023-89B7-4251-A59F-630AD80B125E}.Debug|Any CPU.ActiveCfg = Debug|Any CPU
		{74FA8023-89B7-4251-A59F-630AD80B125E}.Debug|Any CPU.Build.0 = Debug|Any CPU
		{74FA8023-89B7-4251-A59F-630AD80B125E}.Release|Any CPU.ActiveCfg = Release|Any CPU
		{74FA8023-89B7-4251-A59F-630AD80B125E}.Release|Any CPU.Build.0 = Release|Any CPU
		{B5E70B8B-E2AD-4C75-8A17-625E232ACE07}.Debug|Any CPU.ActiveCfg = Debug|Any CPU
		{B5E70B8B-E2AD-4C75-8A17-625E232ACE07}.Debug|Any CPU.Build.0 = Debug|Any CPU
		{B5E70B8B-E2AD-4C75-8A17-625E232ACE07}.Release|Any CPU.ActiveCfg = Release|Any CPU
		{B5E70B8B-E2AD-4C75-8A17-625E232ACE07}.Release|Any CPU.Build.0 = Release|Any CPU
		{ABF81512-E2D3-49D9-98D4-BFF68F38058F}.Debug|Any CPU.ActiveCfg = Debug|Any CPU
		{ABF81512-E2D3-49D9-98D4-BFF68F38058F}.Debug|Any CPU.Build.0 = Debug|Any CPU
		{ABF81512-E2D3-49D9-98D4-BFF68F38058F}.Release|Any CPU.ActiveCfg = Release|Any CPU
		{ABF81512-E2D3-49D9-98D4-BFF68F38058F}.Release|Any CPU.Build.0 = Release|Any CPU
		{5D1AD1ED-5EB9-430A-9744-C4D9B13A983D}.Debug|Any CPU.ActiveCfg = Debug|Any CPU
		{5D1AD1ED-5EB9-430A-9744-C4D9B13A983D}.Debug|Any CPU.Build.0 = Debug|Any CPU
		{5D1AD1ED-5EB9-430A-9744-C4D9B13A983D}.Release|Any CPU.ActiveCfg = Release|Any CPU
		{5D1AD1ED-5EB9-430A-9744-C4D9B13A983D}.Release|Any CPU.Build.0 = Release|Any CPU
		{7A34B3DA-8FAB-4BD0-9FED-DE317DA040F8}.Debug|Any CPU.ActiveCfg = Debug|Any CPU
		{7A34B3DA-8FAB-4BD0-9FED-DE317DA040F8}.Debug|Any CPU.Build.0 = Debug|Any CPU
		{7A34B3DA-8FAB-4BD0-9FED-DE317DA040F8}.Release|Any CPU.ActiveCfg = Release|Any CPU
		{7A34B3DA-8FAB-4BD0-9FED-DE317DA040F8}.Release|Any CPU.Build.0 = Release|Any CPU
		{60E61271-DF64-4409-9A85-096D4515DF9E}.Debug|Any CPU.ActiveCfg = Debug|Any CPU
		{60E61271-DF64-4409-9A85-096D4515DF9E}.Debug|Any CPU.Build.0 = Debug|Any CPU
		{60E61271-DF64-4409-9A85-096D4515DF9E}.Release|Any CPU.ActiveCfg = Release|Any CPU
		{60E61271-DF64-4409-9A85-096D4515DF9E}.Release|Any CPU.Build.0 = Release|Any CPU
		{FD691333-3F3D-428A-98C1-6150D8CB3B9D}.Debug|Any CPU.ActiveCfg = Debug|Any CPU
		{FD691333-3F3D-428A-98C1-6150D8CB3B9D}.Debug|Any CPU.Build.0 = Debug|Any CPU
		{FD691333-3F3D-428A-98C1-6150D8CB3B9D}.Release|Any CPU.ActiveCfg = Release|Any CPU
		{FD691333-3F3D-428A-98C1-6150D8CB3B9D}.Release|Any CPU.Build.0 = Release|Any CPU
		{52798FB9-CC60-4C08-92DC-CC7ED12FC36E}.Debug|Any CPU.ActiveCfg = Debug|Any CPU
		{52798FB9-CC60-4C08-92DC-CC7ED12FC36E}.Debug|Any CPU.Build.0 = Debug|Any CPU
		{52798FB9-CC60-4C08-92DC-CC7ED12FC36E}.Release|Any CPU.ActiveCfg = Release|Any CPU
		{52798FB9-CC60-4C08-92DC-CC7ED12FC36E}.Release|Any CPU.Build.0 = Release|Any CPU
		{2E018530-3336-42EA-BCE9-3F3B7F4B0193}.Debug|Any CPU.ActiveCfg = Debug|Any CPU
		{2E018530-3336-42EA-BCE9-3F3B7F4B0193}.Debug|Any CPU.Build.0 = Debug|Any CPU
		{2E018530-3336-42EA-BCE9-3F3B7F4B0193}.Release|Any CPU.ActiveCfg = Release|Any CPU
		{2E018530-3336-42EA-BCE9-3F3B7F4B0193}.Release|Any CPU.Build.0 = Release|Any CPU
		{35C45870-E2DD-4FEA-AD04-34E21D03FA06}.Debug|Any CPU.ActiveCfg = Debug|Any CPU
		{35C45870-E2DD-4FEA-AD04-34E21D03FA06}.Debug|Any CPU.Build.0 = Debug|Any CPU
		{35C45870-E2DD-4FEA-AD04-34E21D03FA06}.Release|Any CPU.ActiveCfg = Release|Any CPU
		{35C45870-E2DD-4FEA-AD04-34E21D03FA06}.Release|Any CPU.Build.0 = Release|Any CPU
		{5EF1B2D0-2547-499E-8C2D-B9A70DC1F274}.Debug|Any CPU.ActiveCfg = Debug|Any CPU
		{5EF1B2D0-2547-499E-8C2D-B9A70DC1F274}.Debug|Any CPU.Build.0 = Debug|Any CPU
		{5EF1B2D0-2547-499E-8C2D-B9A70DC1F274}.Release|Any CPU.ActiveCfg = Release|Any CPU
		{5EF1B2D0-2547-499E-8C2D-B9A70DC1F274}.Release|Any CPU.Build.0 = Release|Any CPU
	EndGlobalSection
	GlobalSection(SolutionProperties) = preSolution
		HideSolutionNode = FALSE
	EndGlobalSection
	GlobalSection(ExtensibilityGlobals) = postSolution
		SolutionGuid = {1E1918DD-4D61-4E0E-8486-2F9A92FF8193}
	EndGlobalSection
EndGlobal
